
Microsoft Visual Studio Solution File, Format Version 12.00
# Visual Studio Version 17
VisualStudioVersion = 17.4.33403.182
MinimumVisualStudioVersion = 10.0.40219.1
Project("{FAE04EC0-301F-11D3-BF4B-00C04F79EFBC}") = "RatKing", "RatKing\RatKing.csproj", "{E5FFEC9F-3377-46BD-BDAE-08AD3D5D6BFD}"
EndProject
Global
	GlobalSection(SolutionConfigurationPlatforms) = preSolution
		Debug|Any CPU = Debug|Any CPU
		Release|Any CPU = Release|Any CPU
	EndGlobalSection
	GlobalSection(ProjectConfigurationPlatforms) = postSolution
		{E5FFEC9F-3377-46BD-BDAE-08AD3D5D6BFD}.Debug|Any CPU.ActiveCfg = Debug|Any CPU
		{E5FFEC9F-3377-46BD-BDAE-08AD3D5D6BFD}.Debug|Any CPU.Build.0 = Debug|Any CPU
		{E5FFEC9F-3377-46BD-BDAE-08AD3D5D6BFD}.Release|Any CPU.ActiveCfg = Release|Any CPU
		{E5FFEC9F-3377-46BD-BDAE-08AD3D5D6BFD}.Release|Any CPU.Build.0 = Release|Any CPU
	EndGlobalSection
	GlobalSection(SolutionProperties) = preSolution
		HideSolutionNode = FALSE
	EndGlobalSection
	GlobalSection(ExtensibilityGlobals) = postSolution
		SolutionGuid = {CC069212-EA45-46FB-BFBE-F732E78D3067}
	EndGlobalSection
EndGlobal
