
Microsoft Visual Studio Solution File, Format Version 12.00
# Visual Studio Version 17
VisualStudioVersion = 17.4.33122.133
MinimumVisualStudioVersion = 10.0.40219.1
Project("{FAE04EC0-301F-11D3-BF4B-00C04F79EFBC}") = "Stalker", "Stalker\Stalker.csproj", "{0AD67F1D-E768-4534-BC30-14B7066D04D4}"
EndProject
Global
	GlobalSection(SolutionConfigurationPlatforms) = preSolution
		Debug|Any CPU = Debug|Any CPU
		Release|Any CPU = Release|Any CPU
	EndGlobalSection
	GlobalSection(ProjectConfigurationPlatforms) = postSolution
		{0AD67F1D-E768-4534-BC30-14B7066D04D4}.Debug|Any CPU.ActiveCfg = Debug|Any CPU
		{0AD67F1D-E768-4534-BC30-14B7066D04D4}.Debug|Any CPU.Build.0 = Debug|Any CPU
		{0AD67F1D-E768-4534-BC30-14B7066D04D4}.Release|Any CPU.ActiveCfg = Release|Any CPU
		{0AD67F1D-E768-4534-BC30-14B7066D04D4}.Release|Any CPU.Build.0 = Release|Any CPU
	EndGlobalSection
	GlobalSection(SolutionProperties) = preSolution
		HideSolutionNode = FALSE
	EndGlobalSection
	GlobalSection(ExtensibilityGlobals) = postSolution
		SolutionGuid = {9C0C0525-FB3D-4FAA-B368-A305C8BFF9EB}
	EndGlobalSection
EndGlobal
