
Microsoft Visual Studio Solution File, Format Version 12.00
# Visual Studio Version 17
VisualStudioVersion = 17.4.33403.182
MinimumVisualStudioVersion = 10.0.40219.1
Project("{FAE04EC0-301F-11D3-BF4B-00C04F79EFBC}") = "ServiceExec", "ServiceExec\ServiceExec.csproj", "{B6C547D4-355A-4864-8E85-2D0028C98908}"
EndProject
Global
	GlobalSection(SolutionConfigurationPlatforms) = preSolution
		Debug|Any CPU = Debug|Any CPU
		Release|Any CPU = Release|Any CPU
	EndGlobalSection
	GlobalSection(ProjectConfigurationPlatforms) = postSolution
		{B6C547D4-355A-4864-8E85-2D0028C98908}.Debug|Any CPU.ActiveCfg = Debug|Any CPU
		{B6C547D4-355A-4864-8E85-2D0028C98908}.Debug|Any CPU.Build.0 = Debug|Any CPU
		{B6C547D4-355A-4864-8E85-2D0028C98908}.Release|Any CPU.ActiveCfg = Release|Any CPU
		{B6C547D4-355A-4864-8E85-2D0028C98908}.Release|Any CPU.Build.0 = Release|Any CPU
	EndGlobalSection
	GlobalSection(SolutionProperties) = preSolution
		HideSolutionNode = FALSE
	EndGlobalSection
	GlobalSection(ExtensibilityGlobals) = postSolution
		SolutionGuid = {7186659B-3EA9-4720-B0D8-5CE0913690A2}
	EndGlobalSection
EndGlobal
